<?xml version="1.0" encoding="UTF-8" standalone="yes" ?>
<CodeBlocks_project_file>
	<FileVersion major="1" minor="6" />
	<Project>
		<Option title="TPI Prog 2" />
		<Option pch_mode="2" />
		<Option compiler="gcc" />
		<Build>
			<Target title="Debug">
				<Option output="bin/Debug/TPI Prog 2" prefix_auto="1" extension_auto="1" />
				<Option object_output="obj/Debug/" />
				<Option type="1" />
				<Option compiler="gcc" />
				<Compiler>
					<Add option="-g" />
				</Compiler>
			</Target>
			<Target title="Release">
				<Option output="bin/Release/TPI Prog 2" prefix_auto="1" extension_auto="1" />
				<Option object_output="obj/Release/" />
				<Option type="1" />
				<Option compiler="gcc" />
				<Compiler>
					<Add option="-O2" />
				</Compiler>
				<Linker>
					<Add option="-s" />
				</Linker>
			</Target>
		</Build>
		<Compiler>
			<Add option="-Wall" />
			<Add option="-fexceptions" />
		</Compiler>
		<Unit filename="ArchivoCliente.cpp" />
		<Unit filename="ArchivoCliente.h" />
		<Unit filename="ArchivoDetalleVenta.cpp" />
		<Unit filename="ArchivoDetalleVenta.h" />
		<Unit filename="ArchivoEmpleado.cpp" />
		<Unit filename="ArchivoEmpleado.h" />
		<Unit filename="ArchivoEquipo.cpp" />
		<Unit filename="ArchivoEquipo.h" />
		<Unit filename="ArchivoTipoCliente.cpp" />
		<Unit filename="ArchivoTipoCliente.h" />
		<Unit filename="ArchivoTipoEquipo.cpp" />
		<Unit filename="ArchivoTipoEquipo.h" />
		<Unit filename="ArchivoTipoMarca.cpp" />
		<Unit filename="ArchivoTipoMarca.h" />
		<Unit filename="ArchivoVenta.cpp" />
		<Unit filename="ArchivoVenta.h" />
		<Unit filename="Cliente.cpp" />
		<Unit filename="Cliente.h" />
		<Unit filename="DetalleVenta.cpp" />
		<Unit filename="DetalleVenta.h" />
		<Unit filename="Direccion.cpp" />
		<Unit filename="Direccion.h" />
		<Unit filename="Empleado.cpp" />
		<Unit filename="Empleado.h" />
		<Unit filename="Equipo.cpp" />
		<Unit filename="Equipo.h" />
		<Unit filename="Fecha.cpp" />
		<Unit filename="Fecha.h" />
		<Unit filename="Persona.cpp" />
		<Unit filename="Persona.h" />
		<Unit filename="TipoCliente.cpp" />
		<Unit filename="TipoCliente.h" />
		<Unit filename="TipoEquipo.cpp" />
		<Unit filename="TipoEquipo.h" />
		<Unit filename="TipoMarca.cpp" />
		<Unit filename="TipoMarca.h" />
		<Unit filename="Venta.cpp" />
		<Unit filename="Venta.h" />
		<Unit filename="main.cpp" />
		<Extensions />
	</Project>
</CodeBlocks_project_file>
