<?xml version="1.0" encoding="UTF-8" standalone="yes" ?>
<CodeBlocks_project_file>
	<FileVersion major="1" minor="6" />
	<Project>
		<Option title="TPI Prog 2" />
		<Option pch_mode="2" />
		<Option compiler="gcc" />
		<Build>
			<Target title="Debug">
				<Option output="bin/Debug/TPI Prog 2" prefix_auto="1" extension_auto="1" />
				<Option object_output="obj/Debug/" />
				<Option type="1" />
				<Option compiler="gcc" />
				<Compiler>
					<Add option="-g" />
					<Add directory="src" />
				</Compiler>
			</Target>
			<Target title="Release">
				<Option output="bin/Release/TPI Prog 2" prefix_auto="1" extension_auto="1" />
				<Option object_output="obj/Release/" />
				<Option type="1" />
				<Option compiler="gcc" />
				<Compiler>
					<Add option="-O2" />
					<Add directory="src" />
				</Compiler>
				<Linker>
					<Add option="-s" />
				</Linker>
			</Target>
		</Build>
		<Compiler>
			<Add option="-Wall" />
			<Add option="-fexceptions" />
		</Compiler>
		<Unit filename="main.cpp" />
		<Unit filename="src/archivos/ArchivoCliente.cpp" />
		<Unit filename="src/archivos/ArchivoCliente.h" />
		<Unit filename="src/archivos/ArchivoDetalleVenta.cpp" />
		<Unit filename="src/archivos/ArchivoDetalleVenta.h" />
		<Unit filename="src/archivos/ArchivoEmpleado.cpp" />
		<Unit filename="src/archivos/ArchivoEmpleado.h" />
		<Unit filename="src/archivos/ArchivoEquipo.cpp" />
		<Unit filename="src/archivos/ArchivoEquipo.h" />
		<Unit filename="src/archivos/ArchivoTipoCliente.cpp" />
		<Unit filename="src/archivos/ArchivoTipoCliente.h" />
		<Unit filename="src/archivos/ArchivoTipoEquipo.cpp" />
		<Unit filename="src/archivos/ArchivoTipoEquipo.h" />
		<Unit filename="src/archivos/ArchivoTipoMarca.cpp" />
		<Unit filename="src/archivos/ArchivoTipoMarca.h" />
		<Unit filename="src/archivos/ArchivoVenta.cpp" />
		<Unit filename="src/archivos/ArchivoVenta.h" />
		<Unit filename="src/modelos/Cliente.cpp" />
		<Unit filename="src/modelos/Cliente.h" />
		<Unit filename="src/modelos/DetalleVenta.cpp" />
		<Unit filename="src/modelos/DetalleVenta.h" />
		<Unit filename="src/modelos/Empleado.cpp" />
		<Unit filename="src/modelos/Empleado.h" />
		<Unit filename="src/modelos/Equipo.cpp" />
		<Unit filename="src/modelos/Equipo.h" />
		<Unit filename="src/modelos/Menu.cpp" />
		<Unit filename="src/modelos/Menu.h" />
		<Unit filename="src/modelos/Persona.cpp" />
		<Unit filename="src/modelos/Persona.h" />
		<Unit filename="src/modelos/RecaudacionAnual.cpp" />
		<Unit filename="src/modelos/RecaudacionAnual.h">
			<Option target="&lt;{~None~}&gt;" />
		</Unit>
		<Unit filename="src/modelos/TipoCliente.cpp" />
		<Unit filename="src/modelos/TipoCliente.h" />
		<Unit filename="src/modelos/TipoEquipo.cpp" />
		<Unit filename="src/modelos/TipoEquipo.h" />
		<Unit filename="src/modelos/TipoMarca.cpp" />
		<Unit filename="src/modelos/TipoMarca.h" />
		<Unit filename="src/modelos/Venta.cpp" />
		<Unit filename="src/modelos/Venta.h" />
		<Unit filename="src/negocio/ClienteManager.cpp" />
		<Unit filename="src/negocio/ClienteManager.h" />
		<Unit filename="src/negocio/EmpleadoManager.cpp" />
		<Unit filename="src/negocio/EmpleadoManager.h" />
		<Unit filename="src/negocio/EquipoManager.cpp" />
		<Unit filename="src/negocio/EquipoManager.h" />
		<Unit filename="src/negocio/InformeManager.cpp" />
		<Unit filename="src/negocio/InformeManager.h">
			<Option target="&lt;{~None~}&gt;" />
		</Unit>
		<Unit filename="src/negocio/VentaManager.cpp" />
		<Unit filename="src/negocio/VentaManager.h" />
		<Unit filename="src/utils/Direccion.cpp" />
		<Unit filename="src/utils/Direccion.h" />
		<Unit filename="src/utils/Fecha.cpp" />
		<Unit filename="src/utils/Fecha.h" />
		<Unit filename="src/vista/MenuClientes.cpp" />
		<Unit filename="src/vista/MenuClientes.h" />
		<Unit filename="src/vista/MenuEmpleados.cpp" />
		<Unit filename="src/vista/MenuEmpleados.h" />
		<Unit filename="src/vista/MenuEquipos.cpp" />
		<Unit filename="src/vista/MenuEquipos.h" />
		<Unit filename="src/vista/MenuInformes.cpp" />
		<Unit filename="src/vista/MenuInformes.h">
			<Option target="&lt;{~None~}&gt;" />
		</Unit>
		<Unit filename="src/vista/MenuPrincipal.cpp" />
		<Unit filename="src/vista/MenuPrincipal.h" />
		<Unit filename="src/vista/MenuVentas.cpp" />
		<Unit filename="src/vista/MenuVentas.h" />
		<Extensions />
	</Project>
</CodeBlocks_project_file>
